
Microsoft Visual Studio Solution File, Format Version 12.00
# Visual Studio 15
VisualStudioVersion = 15.0.28010.2041
MinimumVisualStudioVersion = 10.0.40219.1
Project("{FAE04EC0-301F-11D3-BF4B-00C04F79EFBC}") = "CompactDisk_AKA_CD", "CompactDisk_AKA_CD\CompactDisk_AKA_CD.csproj", "{392A8714-2302-429F-9388-A71BBE96C4F5}"
EndProject
Global
	GlobalSection(SolutionConfigurationPlatforms) = preSolution
		Debug|Any CPU = Debug|Any CPU
		Release|Any CPU = Release|Any CPU
	EndGlobalSection
	GlobalSection(ProjectConfigurationPlatforms) = postSolution
		{392A8714-2302-429F-9388-A71BBE96C4F5}.Debug|Any CPU.ActiveCfg = Debug|Any CPU
		{392A8714-2302-429F-9388-A71BBE96C4F5}.Debug|Any CPU.Build.0 = Debug|Any CPU
		{392A8714-2302-429F-9388-A71BBE96C4F5}.Release|Any CPU.ActiveCfg = Release|Any CPU
		{392A8714-2302-429F-9388-A71BBE96C4F5}.Release|Any CPU.Build.0 = Release|Any CPU
	EndGlobalSection
	GlobalSection(SolutionProperties) = preSolution
		HideSolutionNode = FALSE
	EndGlobalSection
	GlobalSection(ExtensibilityGlobals) = postSolution
		SolutionGuid = {4DA9BD5D-454C-4624-9F19-51312673305D}
	EndGlobalSection
EndGlobal
